
Microsoft Visual Studio Solution File, Format Version 12.00
# Visual Studio Version 17
VisualStudioVersion = 17.11.35222.181
MinimumVisualStudioVersion = 10.0.40219.1
Project("{2150E333-8FDC-42A3-9474-1A3956D46DE8}") = "Task0", "Task0", "{33423AC0-AAC9-4B74-8102-96865CC0A364}"
EndProject
Project("{9A19103F-16F7-4668-BE54-9A1E7A4F7556}") = "Tyuiu.ZaharovVV.Sprint0.Task0.V0", "Tyuiu.ZaharovVV.Sprint0.Task0.V0\Tyuiu.ZaharovVV.Sprint0.Task0.V0.csproj", "{1FA2556C-F8BB-40F8-9A54-E47919A26D3E}"
EndProject
Project("{2150E333-8FDC-42A3-9474-1A3956D46DE8}") = "Task1", "Task1", "{EC529B60-FDAF-4765-B088-50C179B19435}"
EndProject
Project("{9A19103F-16F7-4668-BE54-9A1E7A4F7556}") = "Tyuiu.ZaharovVV.Sprint0.Task1.V0", "Tyuiu.ZaharovVV.Sprint0.Task1.V0\Tyuiu.ZaharovVV.Sprint0.Task1.V0.csproj", "{3A41A152-AC22-4D1E-8A48-5C48E8131CB5}"
EndProject
Project("{2150E333-8FDC-42A3-9474-1A3956D46DE8}") = "Task2", "Task2", "{CDD10CCD-DB16-4AAC-8C16-B26F8A9AF178}"
EndProject
Project("{9A19103F-16F7-4668-BE54-9A1E7A4F7556}") = "Tyuiu.ZaharovVV.Sprint0.Task2.V0", "Tyuiu.ZaharovVV.Sprint0.Task2.V0\Tyuiu.ZaharovVV.Sprint0.Task2.V0.csproj", "{D004B334-86C8-4FE3-912A-53BCF67A89D4}"
EndProject
Project("{9A19103F-16F7-4668-BE54-9A1E7A4F7556}") = "Tyuiu.ZaharovVV.Sprint0.Task2.V0.Test", "Tyuiu.ZaharovVV.Sprint0.Task2.V0.Test\Tyuiu.ZaharovVV.Sprint0.Task2.V0.Test.csproj", "{73D68AA5-446E-4634-92A6-9F2BC796C5EF}"
EndProject
Project("{9A19103F-16F7-4668-BE54-9A1E7A4F7556}") = "Tyuiu.ZaharovVV.Sprint0.Task2.V0.Lib", "Tyuiu.ZaharovVV.Sprint0.Task2.V0.Lib\Tyuiu.ZaharovVV.Sprint0.Task2.V0.Lib.csproj", "{B4DBFD84-CD19-4013-AB1F-AF61EB8260B4}"
EndProject
Project("{2150E333-8FDC-42A3-9474-1A3956D46DE8}") = "Task3", "Task3", "{D2B086EC-C7C0-4019-BB45-858D92580AC8}"
EndProject
Project("{FAE04EC0-301F-11D3-BF4B-00C04F79EFBC}") = "Tyuiu.ZaharovVV.Sprint0.Task3.V0", "Tyuiu.ZaharovVV.Sprint0.Task3.V0\Tyuiu.ZaharovVV.Sprint0.Task3.V0.csproj", "{E12A82CA-24A2-4884-97C5-A453B0523168}"
EndProject
Project("{FAE04EC0-301F-11D3-BF4B-00C04F79EFBC}") = "Tyuiu.ZaharovVV.Sprint0.Task3.V0.Test", "Tyuiu.ZaharovVV.Sprint0.Task3.V0.Test\Tyuiu.ZaharovVV.Sprint0.Task3.V0.Test.csproj", "{2015EB31-1ADB-4020-8B04-8C44697362BB}"
EndProject
Project("{FAE04EC0-301F-11D3-BF4B-00C04F79EFBC}") = "Tyuiu.ZaharovVV.Sprint0.Task3.V0.Lib", "Tyuiu.ZaharovVV.Sprint0.Task3.V0.Lib\Tyuiu.ZaharovVV.Sprint0.Task3.V0.Lib.csproj", "{EBC5EA0A-FA5A-4469-B056-CDEBBF2BF3A2}"
EndProject
Global
	GlobalSection(SolutionConfigurationPlatforms) = preSolution
		Debug|Any CPU = Debug|Any CPU
		Release|Any CPU = Release|Any CPU
	EndGlobalSection
	GlobalSection(ProjectConfigurationPlatforms) = postSolution
		{1FA2556C-F8BB-40F8-9A54-E47919A26D3E}.Debug|Any CPU.ActiveCfg = Debug|Any CPU
		{1FA2556C-F8BB-40F8-9A54-E47919A26D3E}.Debug|Any CPU.Build.0 = Debug|Any CPU
		{1FA2556C-F8BB-40F8-9A54-E47919A26D3E}.Release|Any CPU.ActiveCfg = Release|Any CPU
		{1FA2556C-F8BB-40F8-9A54-E47919A26D3E}.Release|Any CPU.Build.0 = Release|Any CPU
		{3A41A152-AC22-4D1E-8A48-5C48E8131CB5}.Debug|Any CPU.ActiveCfg = Debug|Any CPU
		{3A41A152-AC22-4D1E-8A48-5C48E8131CB5}.Debug|Any CPU.Build.0 = Debug|Any CPU
		{3A41A152-AC22-4D1E-8A48-5C48E8131CB5}.Release|Any CPU.ActiveCfg = Release|Any CPU
		{3A41A152-AC22-4D1E-8A48-5C48E8131CB5}.Release|Any CPU.Build.0 = Release|Any CPU
		{D004B334-86C8-4FE3-912A-53BCF67A89D4}.Debug|Any CPU.ActiveCfg = Debug|Any CPU
		{D004B334-86C8-4FE3-912A-53BCF67A89D4}.Debug|Any CPU.Build.0 = Debug|Any CPU
		{D004B334-86C8-4FE3-912A-53BCF67A89D4}.Release|Any CPU.ActiveCfg = Release|Any CPU
		{D004B334-86C8-4FE3-912A-53BCF67A89D4}.Release|Any CPU.Build.0 = Release|Any CPU
		{73D68AA5-446E-4634-92A6-9F2BC796C5EF}.Debug|Any CPU.ActiveCfg = Debug|Any CPU
		{73D68AA5-446E-4634-92A6-9F2BC796C5EF}.Debug|Any CPU.Build.0 = Debug|Any CPU
		{73D68AA5-446E-4634-92A6-9F2BC796C5EF}.Release|Any CPU.ActiveCfg = Release|Any CPU
		{73D68AA5-446E-4634-92A6-9F2BC796C5EF}.Release|Any CPU.Build.0 = Release|Any CPU
		{B4DBFD84-CD19-4013-AB1F-AF61EB8260B4}.Debug|Any CPU.ActiveCfg = Debug|Any CPU
		{B4DBFD84-CD19-4013-AB1F-AF61EB8260B4}.Debug|Any CPU.Build.0 = Debug|Any CPU
		{B4DBFD84-CD19-4013-AB1F-AF61EB8260B4}.Release|Any CPU.ActiveCfg = Release|Any CPU
		{B4DBFD84-CD19-4013-AB1F-AF61EB8260B4}.Release|Any CPU.Build.0 = Release|Any CPU
		{E12A82CA-24A2-4884-97C5-A453B0523168}.Debug|Any CPU.ActiveCfg = Debug|Any CPU
		{E12A82CA-24A2-4884-97C5-A453B0523168}.Debug|Any CPU.Build.0 = Debug|Any CPU
		{E12A82CA-24A2-4884-97C5-A453B0523168}.Release|Any CPU.ActiveCfg = Release|Any CPU
		{E12A82CA-24A2-4884-97C5-A453B0523168}.Release|Any CPU.Build.0 = Release|Any CPU
		{2015EB31-1ADB-4020-8B04-8C44697362BB}.Debug|Any CPU.ActiveCfg = Debug|Any CPU
		{2015EB31-1ADB-4020-8B04-8C44697362BB}.Debug|Any CPU.Build.0 = Debug|Any CPU
		{2015EB31-1ADB-4020-8B04-8C44697362BB}.Release|Any CPU.ActiveCfg = Release|Any CPU
		{2015EB31-1ADB-4020-8B04-8C44697362BB}.Release|Any CPU.Build.0 = Release|Any CPU
		{EBC5EA0A-FA5A-4469-B056-CDEBBF2BF3A2}.Debug|Any CPU.ActiveCfg = Debug|Any CPU
		{EBC5EA0A-FA5A-4469-B056-CDEBBF2BF3A2}.Debug|Any CPU.Build.0 = Debug|Any CPU
		{EBC5EA0A-FA5A-4469-B056-CDEBBF2BF3A2}.Release|Any CPU.ActiveCfg = Release|Any CPU
		{EBC5EA0A-FA5A-4469-B056-CDEBBF2BF3A2}.Release|Any CPU.Build.0 = Release|Any CPU
	EndGlobalSection
	GlobalSection(SolutionProperties) = preSolution
		HideSolutionNode = FALSE
	EndGlobalSection
	GlobalSection(NestedProjects) = preSolution
		{1FA2556C-F8BB-40F8-9A54-E47919A26D3E} = {33423AC0-AAC9-4B74-8102-96865CC0A364}
		{3A41A152-AC22-4D1E-8A48-5C48E8131CB5} = {EC529B60-FDAF-4765-B088-50C179B19435}
		{D004B334-86C8-4FE3-912A-53BCF67A89D4} = {CDD10CCD-DB16-4AAC-8C16-B26F8A9AF178}
		{73D68AA5-446E-4634-92A6-9F2BC796C5EF} = {CDD10CCD-DB16-4AAC-8C16-B26F8A9AF178}
		{B4DBFD84-CD19-4013-AB1F-AF61EB8260B4} = {CDD10CCD-DB16-4AAC-8C16-B26F8A9AF178}
		{E12A82CA-24A2-4884-97C5-A453B0523168} = {D2B086EC-C7C0-4019-BB45-858D92580AC8}
		{2015EB31-1ADB-4020-8B04-8C44697362BB} = {D2B086EC-C7C0-4019-BB45-858D92580AC8}
		{EBC5EA0A-FA5A-4469-B056-CDEBBF2BF3A2} = {D2B086EC-C7C0-4019-BB45-858D92580AC8}
	EndGlobalSection
	GlobalSection(ExtensibilityGlobals) = postSolution
		SolutionGuid = {3D921118-6715-4631-980E-981B27A79D1E}
	EndGlobalSection
EndGlobal
