
Microsoft Visual Studio Solution File, Format Version 12.00
# Visual Studio Version 17
VisualStudioVersion = 17.11.35222.181
MinimumVisualStudioVersion = 10.0.40219.1
Project("{2150E333-8FDC-42A3-9474-1A3956D46DE8}") = "Task0", "Task0", "{33423AC0-AAC9-4B74-8102-96865CC0A364}"
EndProject
Project("{9A19103F-16F7-4668-BE54-9A1E7A4F7556}") = "Tyuiu.ZaharovVV.Sprint0.Task0.V0", "Tyuiu.ZaharovVV.Sprint0.Task0.V0\Tyuiu.ZaharovVV.Sprint0.Task0.V0.csproj", "{1FA2556C-F8BB-40F8-9A54-E47919A26D3E}"
EndProject
Project("{2150E333-8FDC-42A3-9474-1A3956D46DE8}") = "Task1", "Task1", "{EC529B60-FDAF-4765-B088-50C179B19435}"
EndProject
Project("{9A19103F-16F7-4668-BE54-9A1E7A4F7556}") = "Tyuiu.ZaharovVV.Sprint0.Task1.V0", "Tyuiu.ZaharovVV.Sprint0.Task1.V0\Tyuiu.ZaharovVV.Sprint0.Task1.V0.csproj", "{3A41A152-AC22-4D1E-8A48-5C48E8131CB5}"
EndProject
Project("{2150E333-8FDC-42A3-9474-1A3956D46DE8}") = "Task2", "Task2", "{CDD10CCD-DB16-4AAC-8C16-B26F8A9AF178}"
EndProject
Project("{9A19103F-16F7-4668-BE54-9A1E7A4F7556}") = "Tyuiu.ZaharovVV.Sprint0.Task2.V0", "Tyuiu.ZaharovVV.Sprint0.Task2.V0\Tyuiu.ZaharovVV.Sprint0.Task2.V0.csproj", "{D004B334-86C8-4FE3-912A-53BCF67A89D4}"
EndProject
Project("{9A19103F-16F7-4668-BE54-9A1E7A4F7556}") = "Tyuiu.ZaharovVV.Sprint0.Task2.V0.Test", "Tyuiu.ZaharovVV.Sprint0.Task2.V0.Test\Tyuiu.ZaharovVV.Sprint0.Task2.V0.Test.csproj", "{73D68AA5-446E-4634-92A6-9F2BC796C5EF}"
EndProject
Project("{9A19103F-16F7-4668-BE54-9A1E7A4F7556}") = "Tyuiu.ZaharovVV.Sprint0.Task2.V0.Lib", "Tyuiu.ZaharovVV.Sprint0.Task2.V0.Lib\Tyuiu.ZaharovVV.Sprint0.Task2.V0.Lib.csproj", "{B4DBFD84-CD19-4013-AB1F-AF61EB8260B4}"
EndProject
Project("{2150E333-8FDC-42A3-9474-1A3956D46DE8}") = "Task3", "Task3", "{D2B086EC-C7C0-4019-BB45-858D92580AC8}"
EndProject
Project("{FAE04EC0-301F-11D3-BF4B-00C04F79EFBC}") = "Tyuiu.ZaharovVV.Sprint0.Task3.V0", "Tyuiu.ZaharovVV.Sprint0.Task3.V0\Tyuiu.ZaharovVV.Sprint0.Task3.V0.csproj", "{E12A82CA-24A2-4884-97C5-A453B0523168}"
EndProject
Project("{FAE04EC0-301F-11D3-BF4B-00C04F79EFBC}") = "Tyuiu.ZaharovVV.Sprint0.Task3.V0.Test", "Tyuiu.ZaharovVV.Sprint0.Task3.V0.Test\Tyuiu.ZaharovVV.Sprint0.Task3.V0.Test.csproj", "{2015EB31-1ADB-4020-8B04-8C44697362BB}"
EndProject
Project("{FAE04EC0-301F-11D3-BF4B-00C04F79EFBC}") = "Tyuiu.ZaharovVV.Sprint0.Task3.V0.Lib", "Tyuiu.ZaharovVV.Sprint0.Task3.V0.Lib\Tyuiu.ZaharovVV.Sprint0.Task3.V0.Lib.csproj", "{EBC5EA0A-FA5A-4469-B056-CDEBBF2BF3A2}"
EndProject
Project("{2150E333-8FDC-42A3-9474-1A3956D46DE8}") = "Task4", "Task4", "{63192929-E189-4A9D-9E25-47740132FAD9}"
EndProject
Project("{FAE04EC0-301F-11D3-BF4B-00C04F79EFBC}") = "Tyuiu.ZaharovVV.Sprint0.Task4.V0", "Tyuiu.ZaharovVV.Sprint0.Task4.V0\Tyuiu.ZaharovVV.Sprint0.Task4.V0.csproj", "{253713E3-DA52-423E-9030-B9B12C5EC501}"
EndProject
Project("{FAE04EC0-301F-11D3-BF4B-00C04F79EFBC}") = "Tyuiu.ZaharovVV.Sprint0.Task4.V0.Lib", "Tyuiu.ZaharovVV.Sprint0.Task4.V0.Lib\Tyuiu.ZaharovVV.Sprint0.Task4.V0.Lib.csproj", "{29A48D3D-A24C-4CBA-93F8-563B9DBF9E82}"
EndProject
Project("{FAE04EC0-301F-11D3-BF4B-00C04F79EFBC}") = "Tyuiu.ZaharovVV.Sprint0.Task4.V0.Test", "Tyuiu.ZaharovVV.Sprint0.Task4.V0.Test\Tyuiu.ZaharovVV.Sprint0.Task4.V0.Test.csproj", "{2FBC6BA8-09E1-4083-BDD7-B8A08AEFCFFC}"
EndProject
Project("{2150E333-8FDC-42A3-9474-1A3956D46DE8}") = "Task5", "Task5", "{3635B4B9-F0F7-4E71-BC58-F0D7FE75FEBA}"
EndProject
Project("{FAE04EC0-301F-11D3-BF4B-00C04F79EFBC}") = "Tyuiu.ZaharovVV.Sprint0.Task5.V0", "Tyuiu.ZaharovVV.Sprint0.Task5.V0\Tyuiu.ZaharovVV.Sprint0.Task5.V0.csproj", "{6CCC0919-D4D4-4FA2-8E52-E8242216CAE2}"
EndProject
Project("{FAE04EC0-301F-11D3-BF4B-00C04F79EFBC}") = "Tyuiu.ZaharovVV.Sprint0.Task5.V0.Test", "Tyuiu.ZaharovVV.Sprint0.Task5.V0.Test\Tyuiu.ZaharovVV.Sprint0.Task5.V0.Test.csproj", "{004401DD-9A72-44D3-9DF9-CD21898775DC}"
EndProject
Project("{FAE04EC0-301F-11D3-BF4B-00C04F79EFBC}") = "Tyuiu.ZaharovVV.Sprint0.Task5.V0.Lib", "Tyuiu.ZaharovVV.Sprint0.Task5.V0.Lib\Tyuiu.ZaharovVV.Sprint0.Task5.V0.Lib.csproj", "{45E3A686-6C25-4DBC-8272-D95D9DD88817}"
EndProject
Project("{2150E333-8FDC-42A3-9474-1A3956D46DE8}") = "Task6", "Task6", "{94384949-9EB2-4969-ACF4-4F15EE4F2115}"
EndProject
Project("{2150E333-8FDC-42A3-9474-1A3956D46DE8}") = "Task7", "Task7", "{46277719-0511-4495-98EB-E7B366747F30}"
EndProject
Project("{FAE04EC0-301F-11D3-BF4B-00C04F79EFBC}") = "Tyuiu.ZaharovVV.Sprint0.Task6.V0", "Tyuiu.ZaharovVV.Sprint0.Task6.V0\Tyuiu.ZaharovVV.Sprint0.Task6.V0.csproj", "{594AEAD1-2510-406D-982F-879F9CA54745}"
EndProject
Project("{FAE04EC0-301F-11D3-BF4B-00C04F79EFBC}") = "Tyuiu.ZaharovVV.Sprint0.Task6.V0.Lib", "Tyuiu.ZaharovVV.Sprint0.Task6.V0.Lib\Tyuiu.ZaharovVV.Sprint0.Task6.V0.Lib.csproj", "{AB6061D0-8E03-4CB5-8CE7-2B4BA9992EF9}"
EndProject
Project("{FAE04EC0-301F-11D3-BF4B-00C04F79EFBC}") = "Tyuiu.ZaharovVV.Sprint0.Task6.V0.Test", "Tyuiu.ZaharovVV.Sprint0.Task6.V0.Test\Tyuiu.ZaharovVV.Sprint0.Task6.V0.Test.csproj", "{83D7D88A-D44B-4622-9F29-A38C6FA02DE5}"
EndProject
Project("{FAE04EC0-301F-11D3-BF4B-00C04F79EFBC}") = "Tyuiu.ZaharovVV.Sprint0.Task7.V0", "Tyuiu.ZaharovVV.Sprint0.Task7.V0\Tyuiu.ZaharovVV.Sprint0.Task7.V0.csproj", "{16771352-C827-49A1-BF6C-6629C16F5439}"
EndProject
Project("{FAE04EC0-301F-11D3-BF4B-00C04F79EFBC}") = "Tyuiu.ZaharovVV.Sprint0.Task7.V0.Test", "Tyuiu.ZaharovVV.Sprint0.Task7.V0.Test\Tyuiu.ZaharovVV.Sprint0.Task7.V0.Test.csproj", "{66E1431F-D482-4214-9E1D-6E0298973BC5}"
EndProject
Project("{FAE04EC0-301F-11D3-BF4B-00C04F79EFBC}") = "Tyuiu.ZaharovVV.Sprint0.Task7.V0.Lib", "Tyuiu.ZaharovVV.Sprint0.Task7.V0.Lib\Tyuiu.ZaharovVV.Sprint0.Task7.V0.Lib.csproj", "{F57B3D4B-94B7-4CC0-995E-D04AFFD14753}"
EndProject
Global
	GlobalSection(SolutionConfigurationPlatforms) = preSolution
		Debug|Any CPU = Debug|Any CPU
		Release|Any CPU = Release|Any CPU
	EndGlobalSection
	GlobalSection(ProjectConfigurationPlatforms) = postSolution
		{1FA2556C-F8BB-40F8-9A54-E47919A26D3E}.Debug|Any CPU.ActiveCfg = Debug|Any CPU
		{1FA2556C-F8BB-40F8-9A54-E47919A26D3E}.Debug|Any CPU.Build.0 = Debug|Any CPU
		{1FA2556C-F8BB-40F8-9A54-E47919A26D3E}.Release|Any CPU.ActiveCfg = Release|Any CPU
		{1FA2556C-F8BB-40F8-9A54-E47919A26D3E}.Release|Any CPU.Build.0 = Release|Any CPU
		{3A41A152-AC22-4D1E-8A48-5C48E8131CB5}.Debug|Any CPU.ActiveCfg = Debug|Any CPU
		{3A41A152-AC22-4D1E-8A48-5C48E8131CB5}.Debug|Any CPU.Build.0 = Debug|Any CPU
		{3A41A152-AC22-4D1E-8A48-5C48E8131CB5}.Release|Any CPU.ActiveCfg = Release|Any CPU
		{3A41A152-AC22-4D1E-8A48-5C48E8131CB5}.Release|Any CPU.Build.0 = Release|Any CPU
		{D004B334-86C8-4FE3-912A-53BCF67A89D4}.Debug|Any CPU.ActiveCfg = Debug|Any CPU
		{D004B334-86C8-4FE3-912A-53BCF67A89D4}.Debug|Any CPU.Build.0 = Debug|Any CPU
		{D004B334-86C8-4FE3-912A-53BCF67A89D4}.Release|Any CPU.ActiveCfg = Release|Any CPU
		{D004B334-86C8-4FE3-912A-53BCF67A89D4}.Release|Any CPU.Build.0 = Release|Any CPU
		{73D68AA5-446E-4634-92A6-9F2BC796C5EF}.Debug|Any CPU.ActiveCfg = Debug|Any CPU
		{73D68AA5-446E-4634-92A6-9F2BC796C5EF}.Debug|Any CPU.Build.0 = Debug|Any CPU
		{73D68AA5-446E-4634-92A6-9F2BC796C5EF}.Release|Any CPU.ActiveCfg = Release|Any CPU
		{73D68AA5-446E-4634-92A6-9F2BC796C5EF}.Release|Any CPU.Build.0 = Release|Any CPU
		{B4DBFD84-CD19-4013-AB1F-AF61EB8260B4}.Debug|Any CPU.ActiveCfg = Debug|Any CPU
		{B4DBFD84-CD19-4013-AB1F-AF61EB8260B4}.Debug|Any CPU.Build.0 = Debug|Any CPU
		{B4DBFD84-CD19-4013-AB1F-AF61EB8260B4}.Release|Any CPU.ActiveCfg = Release|Any CPU
		{B4DBFD84-CD19-4013-AB1F-AF61EB8260B4}.Release|Any CPU.Build.0 = Release|Any CPU
		{E12A82CA-24A2-4884-97C5-A453B0523168}.Debug|Any CPU.ActiveCfg = Debug|Any CPU
		{E12A82CA-24A2-4884-97C5-A453B0523168}.Debug|Any CPU.Build.0 = Debug|Any CPU
		{E12A82CA-24A2-4884-97C5-A453B0523168}.Release|Any CPU.ActiveCfg = Release|Any CPU
		{E12A82CA-24A2-4884-97C5-A453B0523168}.Release|Any CPU.Build.0 = Release|Any CPU
		{2015EB31-1ADB-4020-8B04-8C44697362BB}.Debug|Any CPU.ActiveCfg = Debug|Any CPU
		{2015EB31-1ADB-4020-8B04-8C44697362BB}.Debug|Any CPU.Build.0 = Debug|Any CPU
		{2015EB31-1ADB-4020-8B04-8C44697362BB}.Release|Any CPU.ActiveCfg = Release|Any CPU
		{2015EB31-1ADB-4020-8B04-8C44697362BB}.Release|Any CPU.Build.0 = Release|Any CPU
		{EBC5EA0A-FA5A-4469-B056-CDEBBF2BF3A2}.Debug|Any CPU.ActiveCfg = Debug|Any CPU
		{EBC5EA0A-FA5A-4469-B056-CDEBBF2BF3A2}.Debug|Any CPU.Build.0 = Debug|Any CPU
		{EBC5EA0A-FA5A-4469-B056-CDEBBF2BF3A2}.Release|Any CPU.ActiveCfg = Release|Any CPU
		{EBC5EA0A-FA5A-4469-B056-CDEBBF2BF3A2}.Release|Any CPU.Build.0 = Release|Any CPU
		{253713E3-DA52-423E-9030-B9B12C5EC501}.Debug|Any CPU.ActiveCfg = Debug|Any CPU
		{253713E3-DA52-423E-9030-B9B12C5EC501}.Debug|Any CPU.Build.0 = Debug|Any CPU
		{253713E3-DA52-423E-9030-B9B12C5EC501}.Release|Any CPU.ActiveCfg = Release|Any CPU
		{253713E3-DA52-423E-9030-B9B12C5EC501}.Release|Any CPU.Build.0 = Release|Any CPU
		{29A48D3D-A24C-4CBA-93F8-563B9DBF9E82}.Debug|Any CPU.ActiveCfg = Debug|Any CPU
		{29A48D3D-A24C-4CBA-93F8-563B9DBF9E82}.Debug|Any CPU.Build.0 = Debug|Any CPU
		{29A48D3D-A24C-4CBA-93F8-563B9DBF9E82}.Release|Any CPU.ActiveCfg = Release|Any CPU
		{29A48D3D-A24C-4CBA-93F8-563B9DBF9E82}.Release|Any CPU.Build.0 = Release|Any CPU
		{2FBC6BA8-09E1-4083-BDD7-B8A08AEFCFFC}.Debug|Any CPU.ActiveCfg = Debug|Any CPU
		{2FBC6BA8-09E1-4083-BDD7-B8A08AEFCFFC}.Debug|Any CPU.Build.0 = Debug|Any CPU
		{2FBC6BA8-09E1-4083-BDD7-B8A08AEFCFFC}.Release|Any CPU.ActiveCfg = Release|Any CPU
		{2FBC6BA8-09E1-4083-BDD7-B8A08AEFCFFC}.Release|Any CPU.Build.0 = Release|Any CPU
		{6CCC0919-D4D4-4FA2-8E52-E8242216CAE2}.Debug|Any CPU.ActiveCfg = Debug|Any CPU
		{6CCC0919-D4D4-4FA2-8E52-E8242216CAE2}.Debug|Any CPU.Build.0 = Debug|Any CPU
		{6CCC0919-D4D4-4FA2-8E52-E8242216CAE2}.Release|Any CPU.ActiveCfg = Release|Any CPU
		{6CCC0919-D4D4-4FA2-8E52-E8242216CAE2}.Release|Any CPU.Build.0 = Release|Any CPU
		{004401DD-9A72-44D3-9DF9-CD21898775DC}.Debug|Any CPU.ActiveCfg = Debug|Any CPU
		{004401DD-9A72-44D3-9DF9-CD21898775DC}.Debug|Any CPU.Build.0 = Debug|Any CPU
		{004401DD-9A72-44D3-9DF9-CD21898775DC}.Release|Any CPU.ActiveCfg = Release|Any CPU
		{004401DD-9A72-44D3-9DF9-CD21898775DC}.Release|Any CPU.Build.0 = Release|Any CPU
		{45E3A686-6C25-4DBC-8272-D95D9DD88817}.Debug|Any CPU.ActiveCfg = Debug|Any CPU
		{45E3A686-6C25-4DBC-8272-D95D9DD88817}.Debug|Any CPU.Build.0 = Debug|Any CPU
		{45E3A686-6C25-4DBC-8272-D95D9DD88817}.Release|Any CPU.ActiveCfg = Release|Any CPU
		{45E3A686-6C25-4DBC-8272-D95D9DD88817}.Release|Any CPU.Build.0 = Release|Any CPU
		{594AEAD1-2510-406D-982F-879F9CA54745}.Debug|Any CPU.ActiveCfg = Debug|Any CPU
		{594AEAD1-2510-406D-982F-879F9CA54745}.Debug|Any CPU.Build.0 = Debug|Any CPU
		{594AEAD1-2510-406D-982F-879F9CA54745}.Release|Any CPU.ActiveCfg = Release|Any CPU
		{594AEAD1-2510-406D-982F-879F9CA54745}.Release|Any CPU.Build.0 = Release|Any CPU
		{AB6061D0-8E03-4CB5-8CE7-2B4BA9992EF9}.Debug|Any CPU.ActiveCfg = Debug|Any CPU
		{AB6061D0-8E03-4CB5-8CE7-2B4BA9992EF9}.Debug|Any CPU.Build.0 = Debug|Any CPU
		{AB6061D0-8E03-4CB5-8CE7-2B4BA9992EF9}.Release|Any CPU.ActiveCfg = Release|Any CPU
		{AB6061D0-8E03-4CB5-8CE7-2B4BA9992EF9}.Release|Any CPU.Build.0 = Release|Any CPU
		{83D7D88A-D44B-4622-9F29-A38C6FA02DE5}.Debug|Any CPU.ActiveCfg = Debug|Any CPU
		{83D7D88A-D44B-4622-9F29-A38C6FA02DE5}.Debug|Any CPU.Build.0 = Debug|Any CPU
		{83D7D88A-D44B-4622-9F29-A38C6FA02DE5}.Release|Any CPU.ActiveCfg = Release|Any CPU
		{83D7D88A-D44B-4622-9F29-A38C6FA02DE5}.Release|Any CPU.Build.0 = Release|Any CPU
		{16771352-C827-49A1-BF6C-6629C16F5439}.Debug|Any CPU.ActiveCfg = Debug|Any CPU
		{16771352-C827-49A1-BF6C-6629C16F5439}.Debug|Any CPU.Build.0 = Debug|Any CPU
		{16771352-C827-49A1-BF6C-6629C16F5439}.Release|Any CPU.ActiveCfg = Release|Any CPU
		{16771352-C827-49A1-BF6C-6629C16F5439}.Release|Any CPU.Build.0 = Release|Any CPU
		{66E1431F-D482-4214-9E1D-6E0298973BC5}.Debug|Any CPU.ActiveCfg = Debug|Any CPU
		{66E1431F-D482-4214-9E1D-6E0298973BC5}.Debug|Any CPU.Build.0 = Debug|Any CPU
		{66E1431F-D482-4214-9E1D-6E0298973BC5}.Release|Any CPU.ActiveCfg = Release|Any CPU
		{66E1431F-D482-4214-9E1D-6E0298973BC5}.Release|Any CPU.Build.0 = Release|Any CPU
		{F57B3D4B-94B7-4CC0-995E-D04AFFD14753}.Debug|Any CPU.ActiveCfg = Debug|Any CPU
		{F57B3D4B-94B7-4CC0-995E-D04AFFD14753}.Debug|Any CPU.Build.0 = Debug|Any CPU
		{F57B3D4B-94B7-4CC0-995E-D04AFFD14753}.Release|Any CPU.ActiveCfg = Release|Any CPU
		{F57B3D4B-94B7-4CC0-995E-D04AFFD14753}.Release|Any CPU.Build.0 = Release|Any CPU
	EndGlobalSection
	GlobalSection(SolutionProperties) = preSolution
		HideSolutionNode = FALSE
	EndGlobalSection
	GlobalSection(NestedProjects) = preSolution
		{1FA2556C-F8BB-40F8-9A54-E47919A26D3E} = {33423AC0-AAC9-4B74-8102-96865CC0A364}
		{3A41A152-AC22-4D1E-8A48-5C48E8131CB5} = {EC529B60-FDAF-4765-B088-50C179B19435}
		{D004B334-86C8-4FE3-912A-53BCF67A89D4} = {CDD10CCD-DB16-4AAC-8C16-B26F8A9AF178}
		{73D68AA5-446E-4634-92A6-9F2BC796C5EF} = {CDD10CCD-DB16-4AAC-8C16-B26F8A9AF178}
		{B4DBFD84-CD19-4013-AB1F-AF61EB8260B4} = {CDD10CCD-DB16-4AAC-8C16-B26F8A9AF178}
		{E12A82CA-24A2-4884-97C5-A453B0523168} = {D2B086EC-C7C0-4019-BB45-858D92580AC8}
		{2015EB31-1ADB-4020-8B04-8C44697362BB} = {D2B086EC-C7C0-4019-BB45-858D92580AC8}
		{EBC5EA0A-FA5A-4469-B056-CDEBBF2BF3A2} = {D2B086EC-C7C0-4019-BB45-858D92580AC8}
		{253713E3-DA52-423E-9030-B9B12C5EC501} = {63192929-E189-4A9D-9E25-47740132FAD9}
		{29A48D3D-A24C-4CBA-93F8-563B9DBF9E82} = {63192929-E189-4A9D-9E25-47740132FAD9}
		{2FBC6BA8-09E1-4083-BDD7-B8A08AEFCFFC} = {63192929-E189-4A9D-9E25-47740132FAD9}
		{6CCC0919-D4D4-4FA2-8E52-E8242216CAE2} = {3635B4B9-F0F7-4E71-BC58-F0D7FE75FEBA}
		{004401DD-9A72-44D3-9DF9-CD21898775DC} = {3635B4B9-F0F7-4E71-BC58-F0D7FE75FEBA}
		{45E3A686-6C25-4DBC-8272-D95D9DD88817} = {3635B4B9-F0F7-4E71-BC58-F0D7FE75FEBA}
		{594AEAD1-2510-406D-982F-879F9CA54745} = {94384949-9EB2-4969-ACF4-4F15EE4F2115}
		{AB6061D0-8E03-4CB5-8CE7-2B4BA9992EF9} = {94384949-9EB2-4969-ACF4-4F15EE4F2115}
		{83D7D88A-D44B-4622-9F29-A38C6FA02DE5} = {94384949-9EB2-4969-ACF4-4F15EE4F2115}
		{16771352-C827-49A1-BF6C-6629C16F5439} = {46277719-0511-4495-98EB-E7B366747F30}
		{66E1431F-D482-4214-9E1D-6E0298973BC5} = {46277719-0511-4495-98EB-E7B366747F30}
		{F57B3D4B-94B7-4CC0-995E-D04AFFD14753} = {46277719-0511-4495-98EB-E7B366747F30}
	EndGlobalSection
	GlobalSection(ExtensibilityGlobals) = postSolution
		SolutionGuid = {3D921118-6715-4631-980E-981B27A79D1E}
	EndGlobalSection
EndGlobal
